
Microsoft Visual Studio Solution File, Format Version 12.00
# Visual Studio Version 16
VisualStudioVersion = 16.0.34031.81
MinimumVisualStudioVersion = 10.0.40219.1
Project("{F184B08F-C81C-45F6-A57F-5ABD9991F28F}") = "Bar Code Generator", "Bar Code Generator.vbproj", "{B6384ED1-98C9-4F55-9245-EFC2837DF0AA}"
EndProject
Global
	GlobalSection(SolutionConfigurationPlatforms) = preSolution
		Debug|Any CPU = Debug|Any CPU
		Release|Any CPU = Release|Any CPU
	EndGlobalSection
	GlobalSection(ProjectConfigurationPlatforms) = postSolution
		{B6384ED1-98C9-4F55-9245-EFC2837DF0AA}.Debug|Any CPU.ActiveCfg = Debug|Any CPU
		{B6384ED1-98C9-4F55-9245-EFC2837DF0AA}.Debug|Any CPU.Build.0 = Debug|Any CPU
		{B6384ED1-98C9-4F55-9245-EFC2837DF0AA}.Release|Any CPU.ActiveCfg = Release|Any CPU
		{B6384ED1-98C9-4F55-9245-EFC2837DF0AA}.Release|Any CPU.Build.0 = Release|Any CPU
	EndGlobalSection
	GlobalSection(SolutionProperties) = preSolution
		HideSolutionNode = FALSE
	EndGlobalSection
	GlobalSection(ExtensibilityGlobals) = postSolution
		SolutionGuid = {B555736D-DC96-4275-BEDA-9714F504A902}
	EndGlobalSection
EndGlobal
